
Microsoft Visual Studio Solution File, Format Version 12.00
# Visual Studio Version 16
VisualStudioVersion = 16.0.30517.126
MinimumVisualStudioVersion = 10.0.40219.1
Project("{FAE04EC0-301F-11D3-BF4B-00C04F79EFBC}") = "MailSender", "MailSender\MailSender.csproj", "{519271A6-8BAF-45A0-9321-280545DD611C}"
EndProject
Global
	GlobalSection(SolutionConfigurationPlatforms) = preSolution
		Debug|Any CPU = Debug|Any CPU
		Release|Any CPU = Release|Any CPU
	EndGlobalSection
	GlobalSection(ProjectConfigurationPlatforms) = postSolution
		{519271A6-8BAF-45A0-9321-280545DD611C}.Debug|Any CPU.ActiveCfg = Debug|Any CPU
		{519271A6-8BAF-45A0-9321-280545DD611C}.Debug|Any CPU.Build.0 = Debug|Any CPU
		{519271A6-8BAF-45A0-9321-280545DD611C}.Release|Any CPU.ActiveCfg = Release|Any CPU
		{519271A6-8BAF-45A0-9321-280545DD611C}.Release|Any CPU.Build.0 = Release|Any CPU
	EndGlobalSection
	GlobalSection(SolutionProperties) = preSolution
		HideSolutionNode = FALSE
	EndGlobalSection
	GlobalSection(ExtensibilityGlobals) = postSolution
		SolutionGuid = {D1E7F33C-1BB3-4511-8F4A-6D0CA3432F86}
	EndGlobalSection
EndGlobal
